<Solution>
  <Folder Name="/Demo/">
    <Project Path="Demo/AvaloniaDemo/AvaloniaDemo.csproj" />
    <Project Path="Demo/AvaloniaDemo.Android/AvaloniaDemo.Android.csproj" />
    <Project Path="Demo/AvaloniaDemo.Browser/AvaloniaDemo.Browser.csproj" />
    <Project Path="Demo/AvaloniaDemo.Desktop/AvaloniaDemo.Desktop.csproj" />
    <Project Path="Demo/AvaloniaDemo.iOS/AvaloniaDemo.iOS.csproj" />
  </Folder>
  <Project Path="Avalonia/Avalonia.csproj" />
</Solution>
